// !$*UTF8*$!
{
	archiveVersion = 1;
	classes = {
	};
	objectVersion = 48;
	objects = {

/* Begin PBXBuildFile section */
		20603E74F6203B886C3293C9 /* Pods_SnapshotTestingDemo.framework in Frameworks */ = {isa = PBXBuildFile; fileRef = 9F635F2506870FE191537073 /* Pods_SnapshotTestingDemo.framework */; };
		725BF06D544B4CE987687A0F /* Pods_SnapshotTestingDemoTests.framework in Frameworks */ = {isa = PBXBuildFile; fileRef = 0A740B3304B37B0FF3C5CFD5 /* Pods_SnapshotTestingDemoTests.framework */; };
		755D25DE2030C95D00BA6D93 /* AppDelegate.swift in Sources */ = {isa = PBXBuildFile; fileRef = 755D25DD2030C95D00BA6D93 /* AppDelegate.swift */; };
		755D25E02030C95D00BA6D93 /* ViewController.swift in Sources */ = {isa = PBXBuildFile; fileRef = 755D25DF2030C95D00BA6D93 /* ViewController.swift */; };
		755D25E32030C95D00BA6D93 /* Main.storyboard in Resources */ = {isa = PBXBuildFile; fileRef = 755D25E12030C95D00BA6D93 /* Main.storyboard */; };
		755D25E52030C95D00BA6D93 /* Assets.xcassets in Resources */ = {isa = PBXBuildFile; fileRef = 755D25E42030C95D00BA6D93 /* Assets.xcassets */; };
		755D25E82030C95D00BA6D93 /* LaunchScreen.storyboard in Resources */ = {isa = PBXBuildFile; fileRef = 755D25E62030C95D00BA6D93 /* LaunchScreen.storyboard */; };
		755D25F32030C95E00BA6D93 /* SnapshotTestingDemoTests.swift in Sources */ = {isa = PBXBuildFile; fileRef = 755D25F22030C95E00BA6D93 /* SnapshotTestingDemoTests.swift */; };
		755D260C2030D09F00BA6D93 /* EmptyStateView.xib in Resources */ = {isa = PBXBuildFile; fileRef = 755D260A2030D09F00BA6D93 /* EmptyStateView.xib */; };
		755D260D2030D09F00BA6D93 /* EmptyStateView.swift in Sources */ = {isa = PBXBuildFile; fileRef = 755D260B2030D09F00BA6D93 /* EmptyStateView.swift */; };
/* End PBXBuildFile section */

/* Begin PBXContainerItemProxy section */
		755D25EF2030C95D00BA6D93 /* PBXContainerItemProxy */ = {
			isa = PBXContainerItemProxy;
			containerPortal = 755D25D22030C95D00BA6D93 /* Project object */;
			proxyType = 1;
			remoteGlobalIDString = 755D25D92030C95D00BA6D93;
			remoteInfo = SnapshotTestingDemo;
		};
/* End PBXContainerItemProxy section */

/* Begin PBXFileReference section */
		0A740B3304B37B0FF3C5CFD5 /* Pods_SnapshotTestingDemoTests.framework */ = {isa = PBXFileReference; explicitFileType = wrapper.framework; includeInIndex = 0; path = Pods_SnapshotTestingDemoTests.framework; sourceTree = BUILT_PRODUCTS_DIR; };
		25EFE7BA35E039C4487D9E3B /* Pods-SnapshotTestingDemo.release.xcconfig */ = {isa = PBXFileReference; includeInIndex = 1; lastKnownFileType = text.xcconfig; name = "Pods-SnapshotTestingDemo.release.xcconfig"; path = "Pods/Target Support Files/Pods-SnapshotTestingDemo/Pods-SnapshotTestingDemo.release.xcconfig"; sourceTree = "<group>"; };
		6244FC483A6EDB6184E4A977 /* Pods-SnapshotTestingDemoTests.debug.xcconfig */ = {isa = PBXFileReference; includeInIndex = 1; lastKnownFileType = text.xcconfig; name = "Pods-SnapshotTestingDemoTests.debug.xcconfig"; path = "Pods/Target Support Files/Pods-SnapshotTestingDemoTests/Pods-SnapshotTestingDemoTests.debug.xcconfig"; sourceTree = "<group>"; };
		755D25DA2030C95D00BA6D93 /* SnapshotTestingDemo.app */ = {isa = PBXFileReference; explicitFileType = wrapper.application; includeInIndex = 0; path = SnapshotTestingDemo.app; sourceTree = BUILT_PRODUCTS_DIR; };
		755D25DD2030C95D00BA6D93 /* AppDelegate.swift */ = {isa = PBXFileReference; lastKnownFileType = sourcecode.swift; path = AppDelegate.swift; sourceTree = "<group>"; };
		755D25DF2030C95D00BA6D93 /* ViewController.swift */ = {isa = PBXFileReference; lastKnownFileType = sourcecode.swift; path = ViewController.swift; sourceTree = "<group>"; };
		755D25E22030C95D00BA6D93 /* Base */ = {isa = PBXFileReference; lastKnownFileType = file.storyboard; name = Base; path = Base.lproj/Main.storyboard; sourceTree = "<group>"; };
		755D25E42030C95D00BA6D93 /* Assets.xcassets */ = {isa = PBXFileReference; lastKnownFileType = folder.assetcatalog; path = Assets.xcassets; sourceTree = "<group>"; };
		755D25E72030C95D00BA6D93 /* Base */ = {isa = PBXFileReference; lastKnownFileType = file.storyboard; name = Base; path = Base.lproj/LaunchScreen.storyboard; sourceTree = "<group>"; };
		755D25E92030C95D00BA6D93 /* Info.plist */ = {isa = PBXFileReference; lastKnownFileType = text.plist.xml; path = Info.plist; sourceTree = "<group>"; };
		755D25EE2030C95D00BA6D93 /* SnapshotTestingDemoTests.xctest */ = {isa = PBXFileReference; explicitFileType = wrapper.cfbundle; includeInIndex = 0; path = SnapshotTestingDemoTests.xctest; sourceTree = BUILT_PRODUCTS_DIR; };
		755D25F22030C95E00BA6D93 /* SnapshotTestingDemoTests.swift */ = {isa = PBXFileReference; lastKnownFileType = sourcecode.swift; path = SnapshotTestingDemoTests.swift; sourceTree = "<group>"; };
		755D25F42030C95E00BA6D93 /* Info.plist */ = {isa = PBXFileReference; lastKnownFileType = text.plist.xml; path = Info.plist; sourceTree = "<group>"; };
		755D260A2030D09F00BA6D93 /* EmptyStateView.xib */ = {isa = PBXFileReference; fileEncoding = 4; lastKnownFileType = file.xib; path = EmptyStateView.xib; sourceTree = "<group>"; };
		755D260B2030D09F00BA6D93 /* EmptyStateView.swift */ = {isa = PBXFileReference; fileEncoding = 4; lastKnownFileType = sourcecode.swift; path = EmptyStateView.swift; sourceTree = "<group>"; };
		9F635F2506870FE191537073 /* Pods_SnapshotTestingDemo.framework */ = {isa = PBXFileReference; explicitFileType = wrapper.framework; includeInIndex = 0; path = Pods_SnapshotTestingDemo.framework; sourceTree = BUILT_PRODUCTS_DIR; };
		D3EFE58CBDE808D65E99AABF /* Pods-SnapshotTestingDemo.debug.xcconfig */ = {isa = PBXFileReference; includeInIndex = 1; lastKnownFileType = text.xcconfig; name = "Pods-SnapshotTestingDemo.debug.xcconfig"; path = "Pods/Target Support Files/Pods-SnapshotTestingDemo/Pods-SnapshotTestingDemo.debug.xcconfig"; sourceTree = "<group>"; };
		E911F8A2A1547BE8C3EC6F37 /* Pods-SnapshotTestingDemoTests.release.xcconfig */ = {isa = PBXFileReference; includeInIndex = 1; lastKnownFileType = text.xcconfig; name = "Pods-SnapshotTestingDemoTests.release.xcconfig"; path = "Pods/Target Support Files/Pods-SnapshotTestingDemoTests/Pods-SnapshotTestingDemoTests.release.xcconfig"; sourceTree = "<group>"; };
/* End PBXFileReference section */

/* Begin PBXFrameworksBuildPhase section */
		755D25D72030C95D00BA6D93 /* Frameworks */ = {
			isa = PBXFrameworksBuildPhase;
			buildActionMask = 2147483647;
			files = (
				20603E74F6203B886C3293C9 /* Pods_SnapshotTestingDemo.framework in Frameworks */,
			);
			runOnlyForDeploymentPostprocessing = 0;
		};
		755D25EB2030C95D00BA6D93 /* Frameworks */ = {
			isa = PBXFrameworksBuildPhase;
			buildActionMask = 2147483647;
			files = (
				725BF06D544B4CE987687A0F /* Pods_SnapshotTestingDemoTests.framework in Frameworks */,
			);
			runOnlyForDeploymentPostprocessing = 0;
		};
/* End PBXFrameworksBuildPhase section */

/* Begin PBXGroup section */
		7296B5B3D1C7DDE8AE964D40 /* Frameworks */ = {
			isa = PBXGroup;
			children = (
				9F635F2506870FE191537073 /* Pods_SnapshotTestingDemo.framework */,
				0A740B3304B37B0FF3C5CFD5 /* Pods_SnapshotTestingDemoTests.framework */,
			);
			name = Frameworks;
			sourceTree = "<group>";
		};
		755D25D12030C95D00BA6D93 = {
			isa = PBXGroup;
			children = (
				755D25DC2030C95D00BA6D93 /* SnapshotTestingDemo */,
				755D25F12030C95D00BA6D93 /* SnapshotTestingDemoTests */,
				755D25DB2030C95D00BA6D93 /* Products */,
				8B6D33F975423FFDEFB555A5 /* Pods */,
				7296B5B3D1C7DDE8AE964D40 /* Frameworks */,
			);
			sourceTree = "<group>";
		};
		755D25DB2030C95D00BA6D93 /* Products */ = {
			isa = PBXGroup;
			children = (
				755D25DA2030C95D00BA6D93 /* SnapshotTestingDemo.app */,
				755D25EE2030C95D00BA6D93 /* SnapshotTestingDemoTests.xctest */,
			);
			name = Products;
			sourceTree = "<group>";
		};
		755D25DC2030C95D00BA6D93 /* SnapshotTestingDemo */ = {
			isa = PBXGroup;
			children = (
				755D26092030D09F00BA6D93 /* EmptyStateView */,
				755D25DD2030C95D00BA6D93 /* AppDelegate.swift */,
				755D25DF2030C95D00BA6D93 /* ViewController.swift */,
				755D25E12030C95D00BA6D93 /* Main.storyboard */,
				755D25E42030C95D00BA6D93 /* Assets.xcassets */,
				755D25E62030C95D00BA6D93 /* LaunchScreen.storyboard */,
				755D25E92030C95D00BA6D93 /* Info.plist */,
			);
			path = SnapshotTestingDemo;
			sourceTree = "<group>";
		};
		755D25F12030C95D00BA6D93 /* SnapshotTestingDemoTests */ = {
			isa = PBXGroup;
			children = (
				755D25F22030C95E00BA6D93 /* SnapshotTestingDemoTests.swift */,
				755D25F42030C95E00BA6D93 /* Info.plist */,
			);
			path = SnapshotTestingDemoTests;
			sourceTree = "<group>";
		};
		755D26092030D09F00BA6D93 /* EmptyStateView */ = {
			isa = PBXGroup;
			children = (
				755D260A2030D09F00BA6D93 /* EmptyStateView.xib */,
				755D260B2030D09F00BA6D93 /* EmptyStateView.swift */,
			);
			path = EmptyStateView;
			sourceTree = "<group>";
		};
		8B6D33F975423FFDEFB555A5 /* Pods */ = {
			isa = PBXGroup;
			children = (
				D3EFE58CBDE808D65E99AABF /* Pods-SnapshotTestingDemo.debug.xcconfig */,
				25EFE7BA35E039C4487D9E3B /* Pods-SnapshotTestingDemo.release.xcconfig */,
				6244FC483A6EDB6184E4A977 /* Pods-SnapshotTestingDemoTests.debug.xcconfig */,
				E911F8A2A1547BE8C3EC6F37 /* Pods-SnapshotTestingDemoTests.release.xcconfig */,
			);
			name = Pods;
			sourceTree = "<group>";
		};
/* End PBXGroup section */

/* Begin PBXNativeTarget section */
		755D25D92030C95D00BA6D93 /* SnapshotTestingDemo */ = {
			isa = PBXNativeTarget;
			buildConfigurationList = 755D25F72030C95E00BA6D93 /* Build configuration list for PBXNativeTarget "SnapshotTestingDemo" */;
			buildPhases = (
				EC1267EDBF0EB5F4BCCFC52F /* [CP] Check Pods Manifest.lock */,
				755D25D62030C95D00BA6D93 /* Sources */,
				755D25D72030C95D00BA6D93 /* Frameworks */,
				755D25D82030C95D00BA6D93 /* Resources */,
				C8640351E512846250994EB3 /* [CP] Embed Pods Frameworks */,
				78015D37460BF3C3998A364A /* [CP] Copy Pods Resources */,
			);
			buildRules = (
			);
			dependencies = (
			);
			name = SnapshotTestingDemo;
			productName = SnapshotTestingDemo;
			productReference = 755D25DA2030C95D00BA6D93 /* SnapshotTestingDemo.app */;
			productType = "com.apple.product-type.application";
		};
		755D25ED2030C95D00BA6D93 /* SnapshotTestingDemoTests */ = {
			isa = PBXNativeTarget;
			buildConfigurationList = 755D25FA2030C95E00BA6D93 /* Build configuration list for PBXNativeTarget "SnapshotTestingDemoTests" */;
			buildPhases = (
				C0ECB4F2A3D6122682A68AEE /* [CP] Check Pods Manifest.lock */,
				755D25EA2030C95D00BA6D93 /* Sources */,
				755D25EB2030C95D00BA6D93 /* Frameworks */,
				755D25EC2030C95D00BA6D93 /* Resources */,
				F630CC3537CA4640FF000640 /* [CP] Embed Pods Frameworks */,
				1FCF79CC853297655DB03081 /* [CP] Copy Pods Resources */,
			);
			buildRules = (
			);
			dependencies = (
				755D25F02030C95D00BA6D93 /* PBXTargetDependency */,
			);
			name = SnapshotTestingDemoTests;
			productName = SnapshotTestingDemoTests;
			productReference = 755D25EE2030C95D00BA6D93 /* SnapshotTestingDemoTests.xctest */;
			productType = "com.apple.product-type.bundle.unit-test";
		};
/* End PBXNativeTarget section */

/* Begin PBXProject section */
		755D25D22030C95D00BA6D93 /* Project object */ = {
			isa = PBXProject;
			attributes = {
				LastSwiftUpdateCheck = 0910;
				LastUpgradeCheck = 0910;
				ORGANIZATIONNAME = "MAXIM TSVETKOV";
				TargetAttributes = {
					755D25D92030C95D00BA6D93 = {
						CreatedOnToolsVersion = 9.1;
						ProvisioningStyle = Automatic;
					};
					755D25ED2030C95D00BA6D93 = {
						CreatedOnToolsVersion = 9.1;
						ProvisioningStyle = Automatic;
						TestTargetID = 755D25D92030C95D00BA6D93;
					};
				};
			};
			buildConfigurationList = 755D25D52030C95D00BA6D93 /* Build configuration list for PBXProject "SnapshotTestingDemo" */;
			compatibilityVersion = "Xcode 8.0";
			developmentRegion = en;
			hasScannedForEncodings = 0;
			knownRegions = (
				en,
				Base,
			);
			mainGroup = 755D25D12030C95D00BA6D93;
			productRefGroup = 755D25DB2030C95D00BA6D93 /* Products */;
			projectDirPath = "";
			projectRoot = "";
			targets = (
				755D25D92030C95D00BA6D93 /* SnapshotTestingDemo */,
				755D25ED2030C95D00BA6D93 /* SnapshotTestingDemoTests */,
			);
		};
/* End PBXProject section */

/* Begin PBXResourcesBuildPhase section */
		755D25D82030C95D00BA6D93 /* Resources */ = {
			isa = PBXResourcesBuildPhase;
			buildActionMask = 2147483647;
			files = (
				755D25E82030C95D00BA6D93 /* LaunchScreen.storyboard in Resources */,
				755D25E52030C95D00BA6D93 /* Assets.xcassets in Resources */,
				755D260C2030D09F00BA6D93 /* EmptyStateView.xib in Resources */,
				755D25E32030C95D00BA6D93 /* Main.storyboard in Resources */,
			);
			runOnlyForDeploymentPostprocessing = 0;
		};
		755D25EC2030C95D00BA6D93 /* Resources */ = {
			isa = PBXResourcesBuildPhase;
			buildActionMask = 2147483647;
			files = (
			);
			runOnlyForDeploymentPostprocessing = 0;
		};
/* End PBXResourcesBuildPhase section */

/* Begin PBXShellScriptBuildPhase section */
		1FCF79CC853297655DB03081 /* [CP] Copy Pods Resources */ = {
			isa = PBXShellScriptBuildPhase;
			buildActionMask = 2147483647;
			files = (
			);
			inputPaths = (
			);
			name = "[CP] Copy Pods Resources";
			outputPaths = (
			);
			runOnlyForDeploymentPostprocessing = 0;
			shellPath = /bin/sh;
			shellScript = "\"${SRCROOT}/Pods/Target Support Files/Pods-SnapshotTestingDemoTests/Pods-SnapshotTestingDemoTests-resources.sh\"\n";
			showEnvVarsInLog = 0;
		};
		78015D37460BF3C3998A364A /* [CP] Copy Pods Resources */ = {
			isa = PBXShellScriptBuildPhase;
			buildActionMask = 2147483647;
			files = (
			);
			inputPaths = (
			);
			name = "[CP] Copy Pods Resources";
			outputPaths = (
			);
			runOnlyForDeploymentPostprocessing = 0;
			shellPath = /bin/sh;
			shellScript = "\"${SRCROOT}/Pods/Target Support Files/Pods-SnapshotTestingDemo/Pods-SnapshotTestingDemo-resources.sh\"\n";
			showEnvVarsInLog = 0;
		};
		C0ECB4F2A3D6122682A68AEE /* [CP] Check Pods Manifest.lock */ = {
			isa = PBXShellScriptBuildPhase;
			buildActionMask = 2147483647;
			files = (
			);
			inputPaths = (
				"${PODS_PODFILE_DIR_PATH}/Podfile.lock",
				"${PODS_ROOT}/Manifest.lock",
			);
			name = "[CP] Check Pods Manifest.lock";
			outputPaths = (
				"$(DERIVED_FILE_DIR)/Pods-SnapshotTestingDemoTests-checkManifestLockResult.txt",
			);
			runOnlyForDeploymentPostprocessing = 0;
			shellPath = /bin/sh;
			shellScript = "diff \"${PODS_PODFILE_DIR_PATH}/Podfile.lock\" \"${PODS_ROOT}/Manifest.lock\" > /dev/null\nif [ $? != 0 ] ; then\n    # print error to STDERR\n    echo \"error: The sandbox is not in sync with the Podfile.lock. Run 'pod install' or update your CocoaPods installation.\" >&2\n    exit 1\nfi\n# This output is used by Xcode 'outputs' to avoid re-running this script phase.\necho \"SUCCESS\" > \"${SCRIPT_OUTPUT_FILE_0}\"\n";
			showEnvVarsInLog = 0;
		};
		C8640351E512846250994EB3 /* [CP] Embed Pods Frameworks */ = {
			isa = PBXShellScriptBuildPhase;
			buildActionMask = 2147483647;
			files = (
			);
			inputPaths = (
			);
			name = "[CP] Embed Pods Frameworks";
			outputPaths = (
			);
			runOnlyForDeploymentPostprocessing = 0;
			shellPath = /bin/sh;
			shellScript = "\"${SRCROOT}/Pods/Target Support Files/Pods-SnapshotTestingDemo/Pods-SnapshotTestingDemo-frameworks.sh\"\n";
			showEnvVarsInLog = 0;
		};
		EC1267EDBF0EB5F4BCCFC52F /* [CP] Check Pods Manifest.lock */ = {
			isa = PBXShellScriptBuildPhase;
			buildActionMask = 2147483647;
			files = (
			);
			inputPaths = (
				"${PODS_PODFILE_DIR_PATH}/Podfile.lock",
				"${PODS_ROOT}/Manifest.lock",
			);
			name = "[CP] Check Pods Manifest.lock";
			outputPaths = (
				"$(DERIVED_FILE_DIR)/Pods-SnapshotTestingDemo-checkManifestLockResult.txt",
			);
			runOnlyForDeploymentPostprocessing = 0;
			shellPath = /bin/sh;
			shellScript = "diff \"${PODS_PODFILE_DIR_PATH}/Podfile.lock\" \"${PODS_ROOT}/Manifest.lock\" > /dev/null\nif [ $? != 0 ] ; then\n    # print error to STDERR\n    echo \"error: The sandbox is not in sync with the Podfile.lock. Run 'pod install' or update your CocoaPods installation.\" >&2\n    exit 1\nfi\n# This output is used by Xcode 'outputs' to avoid re-running this script phase.\necho \"SUCCESS\" > \"${SCRIPT_OUTPUT_FILE_0}\"\n";
			showEnvVarsInLog = 0;
		};
		F630CC3537CA4640FF000640 /* [CP] Embed Pods Frameworks */ = {
			isa = PBXShellScriptBuildPhase;
			buildActionMask = 2147483647;
			files = (
			);
			inputPaths = (
				"${SRCROOT}/Pods/Target Support Files/Pods-SnapshotTestingDemoTests/Pods-SnapshotTestingDemoTests-frameworks.sh",
				"${BUILT_PRODUCTS_DIR}/iOSSnapshotTestCase/FBSnapshotTestCase.framework",
			);
			name = "[CP] Embed Pods Frameworks";
			outputPaths = (
				"${TARGET_BUILD_DIR}/${FRAMEWORKS_FOLDER_PATH}/FBSnapshotTestCase.framework",
			);
			runOnlyForDeploymentPostprocessing = 0;
			shellPath = /bin/sh;
			shellScript = "\"${SRCROOT}/Pods/Target Support Files/Pods-SnapshotTestingDemoTests/Pods-SnapshotTestingDemoTests-frameworks.sh\"\n";
			showEnvVarsInLog = 0;
		};
/* End PBXShellScriptBuildPhase section */

/* Begin PBXSourcesBuildPhase section */
		755D25D62030C95D00BA6D93 /* Sources */ = {
			isa = PBXSourcesBuildPhase;
			buildActionMask = 2147483647;
			files = (
				755D260D2030D09F00BA6D93 /* EmptyStateView.swift in Sources */,
				755D25E02030C95D00BA6D93 /* ViewController.swift in Sources */,
				755D25DE2030C95D00BA6D93 /* AppDelegate.swift in Sources */,
			);
			runOnlyForDeploymentPostprocessing = 0;
		};
		755D25EA2030C95D00BA6D93 /* Sources */ = {
			isa = PBXSourcesBuildPhase;
			buildActionMask = 2147483647;
			files = (
				755D25F32030C95E00BA6D93 /* SnapshotTestingDemoTests.swift in Sources */,
			);
			runOnlyForDeploymentPostprocessing = 0;
		};
/* End PBXSourcesBuildPhase section */

/* Begin PBXTargetDependency section */
		755D25F02030C95D00BA6D93 /* PBXTargetDependency */ = {
			isa = PBXTargetDependency;
			target = 755D25D92030C95D00BA6D93 /* SnapshotTestingDemo */;
			targetProxy = 755D25EF2030C95D00BA6D93 /* PBXContainerItemProxy */;
		};
/* End PBXTargetDependency section */

/* Begin PBXVariantGroup section */
		755D25E12030C95D00BA6D93 /* Main.storyboard */ = {
			isa = PBXVariantGroup;
			children = (
				755D25E22030C95D00BA6D93 /* Base */,
			);
			name = Main.storyboard;
			sourceTree = "<group>";
		};
		755D25E62030C95D00BA6D93 /* LaunchScreen.storyboard */ = {
			isa = PBXVariantGroup;
			children = (
				755D25E72030C95D00BA6D93 /* Base */,
			);
			name = LaunchScreen.storyboard;
			sourceTree = "<group>";
		};
/* End PBXVariantGroup section */

/* Begin XCBuildConfiguration section */
		755D25F52030C95E00BA6D93 /* Debug */ = {
			isa = XCBuildConfiguration;
			buildSettings = {
				ALWAYS_SEARCH_USER_PATHS = NO;
				CLANG_ANALYZER_NONNULL = YES;
				CLANG_ANALYZER_NUMBER_OBJECT_CONVERSION = YES_AGGRESSIVE;
				CLANG_CXX_LANGUAGE_STANDARD = "gnu++14";
				CLANG_CXX_LIBRARY = "libc++";
				CLANG_ENABLE_MODULES = YES;
				CLANG_ENABLE_OBJC_ARC = YES;
				CLANG_WARN_BLOCK_CAPTURE_AUTORELEASING = YES;
				CLANG_WARN_BOOL_CONVERSION = YES;
				CLANG_WARN_COMMA = YES;
				CLANG_WARN_CONSTANT_CONVERSION = YES;
				CLANG_WARN_DIRECT_OBJC_ISA_USAGE = YES_ERROR;
				CLANG_WARN_DOCUMENTATION_COMMENTS = YES;
				CLANG_WARN_EMPTY_BODY = YES;
				CLANG_WARN_ENUM_CONVERSION = YES;
				CLANG_WARN_INFINITE_RECURSION = YES;
				CLANG_WARN_INT_CONVERSION = YES;
				CLANG_WARN_NON_LITERAL_NULL_CONVERSION = YES;
				CLANG_WARN_OBJC_LITERAL_CONVERSION = YES;
				CLANG_WARN_OBJC_ROOT_CLASS = YES_ERROR;
				CLANG_WARN_RANGE_LOOP_ANALYSIS = YES;
				CLANG_WARN_STRICT_PROTOTYPES = YES;
				CLANG_WARN_SUSPICIOUS_MOVE = YES;
				CLANG_WARN_UNGUARDED_AVAILABILITY = YES_AGGRESSIVE;
				CLANG_WARN_UNREACHABLE_CODE = YES;
				CLANG_WARN__DUPLICATE_METHOD_MATCH = YES;
				CODE_SIGN_IDENTITY = "iPhone Developer";
				COPY_PHASE_STRIP = NO;
				DEBUG_INFORMATION_FORMAT = dwarf;
				ENABLE_STRICT_OBJC_MSGSEND = YES;
				ENABLE_TESTABILITY = YES;
				GCC_C_LANGUAGE_STANDARD = gnu11;
				GCC_DYNAMIC_NO_PIC = NO;
				GCC_NO_COMMON_BLOCKS = YES;
				GCC_OPTIMIZATION_LEVEL = 0;
				GCC_PREPROCESSOR_DEFINITIONS = (
					"DEBUG=1",
					"$(inherited)",
				);
				GCC_WARN_64_TO_32_BIT_CONVERSION = YES;
				GCC_WARN_ABOUT_RETURN_TYPE = YES_ERROR;
				GCC_WARN_UNDECLARED_SELECTOR = YES;
				GCC_WARN_UNINITIALIZED_AUTOS = YES_AGGRESSIVE;
				GCC_WARN_UNUSED_FUNCTION = YES;
				GCC_WARN_UNUSED_VARIABLE = YES;
				IPHONEOS_DEPLOYMENT_TARGET = 11.1;
				MTL_ENABLE_DEBUG_INFO = YES;
				ONLY_ACTIVE_ARCH = YES;
				SDKROOT = iphoneos;
				SWIFT_ACTIVE_COMPILATION_CONDITIONS = DEBUG;
				SWIFT_OPTIMIZATION_LEVEL = "-Onone";
			};
			name = Debug;
		};
		755D25F62030C95E00BA6D93 /* Release */ = {
			isa = XCBuildConfiguration;
			buildSettings = {
				ALWAYS_SEARCH_USER_PATHS = NO;
				CLANG_ANALYZER_NONNULL = YES;
				CLANG_ANALYZER_NUMBER_OBJECT_CONVERSION = YES_AGGRESSIVE;
				CLANG_CXX_LANGUAGE_STANDARD = "gnu++14";
				CLANG_CXX_LIBRARY = "libc++";
				CLANG_ENABLE_MODULES = YES;
				CLANG_ENABLE_OBJC_ARC = YES;
				CLANG_WARN_BLOCK_CAPTURE_AUTORELEASING = YES;
				CLANG_WARN_BOOL_CONVERSION = YES;
				CLANG_WARN_COMMA = YES;
				CLANG_WARN_CONSTANT_CONVERSION = YES;
				CLANG_WARN_DIRECT_OBJC_ISA_USAGE = YES_ERROR;
				CLANG_WARN_DOCUMENTATION_COMMENTS = YES;
				CLANG_WARN_EMPTY_BODY = YES;
				CLANG_WARN_ENUM_CONVERSION = YES;
				CLANG_WARN_INFINITE_RECURSION = YES;
				CLANG_WARN_INT_CONVERSION = YES;
				CLANG_WARN_NON_LITERAL_NULL_CONVERSION = YES;
				CLANG_WARN_OBJC_LITERAL_CONVERSION = YES;
				CLANG_WARN_OBJC_ROOT_CLASS = YES_ERROR;
				CLANG_WARN_RANGE_LOOP_ANALYSIS = YES;
				CLANG_WARN_STRICT_PROTOTYPES = YES;
				CLANG_WARN_SUSPICIOUS_MOVE = YES;
				CLANG_WARN_UNGUARDED_AVAILABILITY = YES_AGGRESSIVE;
				CLANG_WARN_UNREACHABLE_CODE = YES;
				CLANG_WARN__DUPLICATE_METHOD_MATCH = YES;
				CODE_SIGN_IDENTITY = "iPhone Developer";
				COPY_PHASE_STRIP = NO;
				DEBUG_INFORMATION_FORMAT = "dwarf-with-dsym";
				ENABLE_NS_ASSERTIONS = NO;
				ENABLE_STRICT_OBJC_MSGSEND = YES;
				GCC_C_LANGUAGE_STANDARD = gnu11;
				GCC_NO_COMMON_BLOCKS = YES;
				GCC_WARN_64_TO_32_BIT_CONVERSION = YES;
				GCC_WARN_ABOUT_RETURN_TYPE = YES_ERROR;
				GCC_WARN_UNDECLARED_SELECTOR = YES;
				GCC_WARN_UNINITIALIZED_AUTOS = YES_AGGRESSIVE;
				GCC_WARN_UNUSED_FUNCTION = YES;
				GCC_WARN_UNUSED_VARIABLE = YES;
				IPHONEOS_DEPLOYMENT_TARGET = 11.1;
				MTL_ENABLE_DEBUG_INFO = NO;
				SDKROOT = iphoneos;
				SWIFT_OPTIMIZATION_LEVEL = "-Owholemodule";
				VALIDATE_PRODUCT = YES;
			};
			name = Release;
		};
		755D25F82030C95E00BA6D93 /* Debug */ = {
			isa = XCBuildConfiguration;
			baseConfigurationReference = D3EFE58CBDE808D65E99AABF /* Pods-SnapshotTestingDemo.debug.xcconfig */;
			buildSettings = {
				ASSETCATALOG_COMPILER_APPICON_NAME = AppIcon;
				CODE_SIGN_STYLE = Automatic;
				INFOPLIST_FILE = SnapshotTestingDemo/Info.plist;
				LD_RUNPATH_SEARCH_PATHS = "$(inherited) @executable_path/Frameworks";
				PRODUCT_BUNDLE_IDENTIFIER = maxxx.SnapshotTestingDemo;
				PRODUCT_NAME = "$(TARGET_NAME)";
				SWIFT_VERSION = 4.0;
				TARGETED_DEVICE_FAMILY = "1,2";
			};
			name = Debug;
		};
		755D25F92030C95E00BA6D93 /* Release */ = {
			isa = XCBuildConfiguration;
			baseConfigurationReference = 25EFE7BA35E039C4487D9E3B /* Pods-SnapshotTestingDemo.release.xcconfig */;
			buildSettings = {
				ASSETCATALOG_COMPILER_APPICON_NAME = AppIcon;
				CODE_SIGN_STYLE = Automatic;
				INFOPLIST_FILE = SnapshotTestingDemo/Info.plist;
				LD_RUNPATH_SEARCH_PATHS = "$(inherited) @executable_path/Frameworks";
				PRODUCT_BUNDLE_IDENTIFIER = maxxx.SnapshotTestingDemo;
				PRODUCT_NAME = "$(TARGET_NAME)";
				SWIFT_VERSION = 4.0;
				TARGETED_DEVICE_FAMILY = "1,2";
			};
			name = Release;
		};
		755D25FB2030C95E00BA6D93 /* Debug */ = {
			isa = XCBuildConfiguration;
			baseConfigurationReference = 6244FC483A6EDB6184E4A977 /* Pods-SnapshotTestingDemoTests.debug.xcconfig */;
			buildSettings = {
				ALWAYS_EMBED_SWIFT_STANDARD_LIBRARIES = YES;
				BUNDLE_LOADER = "$(TEST_HOST)";
				CODE_SIGN_STYLE = Automatic;
				INFOPLIST_FILE = SnapshotTestingDemoTests/Info.plist;
				LD_RUNPATH_SEARCH_PATHS = "$(inherited) @executable_path/Frameworks @loader_path/Frameworks";
				PRODUCT_BUNDLE_IDENTIFIER = maxxx.SnapshotTestingDemoTests;
				PRODUCT_NAME = "$(TARGET_NAME)";
				SWIFT_VERSION = 4.0;
				TARGETED_DEVICE_FAMILY = "1,2";
				TEST_HOST = "$(BUILT_PRODUCTS_DIR)/SnapshotTestingDemo.app/SnapshotTestingDemo";
			};
			name = Debug;
		};
		755D25FC2030C95E00BA6D93 /* Release */ = {
			isa = XCBuildConfiguration;
			baseConfigurationReference = E911F8A2A1547BE8C3EC6F37 /* Pods-SnapshotTestingDemoTests.release.xcconfig */;
			buildSettings = {
				ALWAYS_EMBED_SWIFT_STANDARD_LIBRARIES = YES;
				BUNDLE_LOADER = "$(TEST_HOST)";
				CODE_SIGN_STYLE = Automatic;
				INFOPLIST_FILE = SnapshotTestingDemoTests/Info.plist;
				LD_RUNPATH_SEARCH_PATHS = "$(inherited) @executable_path/Frameworks @loader_path/Frameworks";
				PRODUCT_BUNDLE_IDENTIFIER = maxxx.SnapshotTestingDemoTests;
				PRODUCT_NAME = "$(TARGET_NAME)";
				SWIFT_VERSION = 4.0;
				TARGETED_DEVICE_FAMILY = "1,2";
				TEST_HOST = "$(BUILT_PRODUCTS_DIR)/SnapshotTestingDemo.app/SnapshotTestingDemo";
			};
			name = Release;
		};
/* End XCBuildConfiguration section */

/* Begin XCConfigurationList section */
		755D25D52030C95D00BA6D93 /* Build configuration list for PBXProject "SnapshotTestingDemo" */ = {
			isa = XCConfigurationList;
			buildConfigurations = (
				755D25F52030C95E00BA6D93 /* Debug */,
				755D25F62030C95E00BA6D93 /* Release */,
			);
			defaultConfigurationIsVisible = 0;
			defaultConfigurationName = Release;
		};
		755D25F72030C95E00BA6D93 /* Build configuration list for PBXNativeTarget "SnapshotTestingDemo" */ = {
			isa = XCConfigurationList;
			buildConfigurations = (
				755D25F82030C95E00BA6D93 /* Debug */,
				755D25F92030C95E00BA6D93 /* Release */,
			);
			defaultConfigurationIsVisible = 0;
			defaultConfigurationName = Release;
		};
		755D25FA2030C95E00BA6D93 /* Build configuration list for PBXNativeTarget "SnapshotTestingDemoTests" */ = {
			isa = XCConfigurationList;
			buildConfigurations = (
				755D25FB2030C95E00BA6D93 /* Debug */,
				755D25FC2030C95E00BA6D93 /* Release */,
			);
			defaultConfigurationIsVisible = 0;
			defaultConfigurationName = Release;
		};
/* End XCConfigurationList section */
	};
	rootObject = 755D25D22030C95D00BA6D93 /* Project object */;
}
